<?xml version="1.0" encoding="utf-8"?>
<Project ToolsVersion="4.0" xmlns="http://schemas.microsoft.com/developer/msbuild/2003">
  <ItemGroup>
    <Filter Include="源文件">
      <UniqueIdentifier>{4FC737F1-C7A5-4376-A066-2A32D752A2FF}</UniqueIdentifier>
      <Extensions>cpp;c;cc;cxx;c++;def;odl;idl;hpj;bat;asm;asmx</Extensions>
    </Filter>
    <Filter Include="头文件">
      <UniqueIdentifier>{93995380-89BD-4b04-88EB-625FBE52EBFB}</UniqueIdentifier>
      <Extensions>h;hh;hpp;hxx;h++;hm;inl;inc;ipp;xsd</Extensions>
    </Filter>
    <Filter Include="资源文件">
      <UniqueIdentifier>{67DA6AB6-F800-4c08-8B7A-83BB121AAD01}</UniqueIdentifier>
      <Extensions>rc;ico;cur;bmp;dlg;rc2;rct;bin;rgs;gif;jpg;jpeg;jpe;resx;tiff;tif;png;wav;mfcribbon-ms</Extensions>
    </Filter>
    <Filter Include="源文件\View">
      <UniqueIdentifier>{10f6abdc-bd4f-4f64-b6d8-9c8a8c9b0eb3}</UniqueIdentifier>
    </Filter>
    <Filter Include="源文件\Model">
      <UniqueIdentifier>{f5eef804-0b32-416d-8784-f020a7ce4327}</UniqueIdentifier>
    </Filter>
    <Filter Include="源文件\ViewModel">
      <UniqueIdentifier>{97850456-349f-40eb-a739-e99b76cc5749}</UniqueIdentifier>
    </Filter>
    <Filter Include="源文件\Window">
      <UniqueIdentifier>{1e5b3715-0a26-4267-88bc-caa88c1bb05a}</UniqueIdentifier>
    </Filter>
    <Filter Include="源文件\App">
      <UniqueIdentifier>{35701c19-f516-4bc5-adb5-2b0dfb5a6afa}</UniqueIdentifier>
    </Filter>
    <Filter Include="源文件\Common">
      <UniqueIdentifier>{cf0992d9-e513-4932-be25-88d743ea1b9b}</UniqueIdentifier>
    </Filter>
    <Filter Include="源文件\ViewModel\Commands">
      <UniqueIdentifier>{e6d7b3f0-1af6-4229-9b6c-823379725411}</UniqueIdentifier>
    </Filter>
  </ItemGroup>
  <ItemGroup>
    <ClCompile Include="main.cpp">
      <Filter>源文件</Filter>
    </ClCompile>
    <ClCompile Include="Common\Stars.cpp">
      <Filter>源文件\Common</Filter>
    </ClCompile>
    <ClCompile Include="Model\Model.cpp">
      <Filter>源文件\Model</Filter>
    </ClCompile>
    <ClCompile Include="ViewModel\ViewModel.cpp">
      <Filter>源文件\ViewModel</Filter>
    </ClCompile>
    <ClCompile Include="ViewModel\Commands\PickupCommand.cpp">
      <Filter>源文件\ViewModel\Commands</Filter>
    </ClCompile>
  </ItemGroup>
  <ItemGroup>
    <ClInclude Include="Common\Stars.h">
      <Filter>源文件\Common</Filter>
    </ClInclude>
    <ClInclude Include="Model\Model.h">
      <Filter>源文件\Model</Filter>
    </ClInclude>
    <ClInclude Include="ViewModel\ViewModel.h">
      <Filter>源文件\ViewModel</Filter>
    </ClInclude>
  </ItemGroup>
</Project>